PODS:
  - TalkingDataSDK-AppAnalytics (4.0.46)

DEPENDENCIES:
  - TalkingDataSDK-AppAnalytics (from `..`)

EXTERNAL SOURCES:
  TalkingDataSDK-AppAnalytics:
    :path: ".."

SPEC CHECKSUMS:
  TalkingDataSDK-AppAnalytics: 4ab3adc63ed2bc03dd766bc1bf45e044fb7b6200

PODFILE CHECKSUM: 5e7105320ae3c8b4ec2aa8033e758db62f9331d6

COCOAPODS: 1.9.2
